# THIS IS AN AUTOGENERATED FILE. DO NOT EDIT THIS FILE DIRECTLY.
# yarn lockfile v1


"@esbuild/aix-ppc64@0.25.12":
  version "0.25.12"
  resolved "https://registry.yarnpkg.com/@esbuild/aix-ppc64/-/aix-ppc64-0.25.12.tgz#80fcbe36130e58b7670511e888b8e88a259ed76c"
  integrity sha512-Hhmwd6CInZ3dwpuGTF8fJG6yoWmsToE+vYgD4nytZVxcu1ulHpUQRAB1UJ8+N1Am3Mz4+xOByoQoSZf4D+CpkA==

"@esbuild/android-arm64@0.25.12":
  version "0.25.12"
  resolved "https://registry.yarnpkg.com/@esbuild/android-arm64/-/android-arm64-0.25.12.tgz#8aa4965f8d0a7982dc21734bf6601323a66da752"
  integrity sha512-6AAmLG7zwD1Z159jCKPvAxZd4y/VTO0VkprYy+3N2FtJ8+BQWFXU+OxARIwA46c5tdD9SsKGZ/1ocqBS/gAKHg==

"@esbuild/android-arm@0.25.12":
  version "0.25.12"
  resolved "https://registry.yarnpkg.com/@esbuild/android-arm/-/android-arm-0.25.12.tgz#300712101f7f50f1d2627a162e6e09b109b6767a"
  integrity sha512-VJ+sKvNA/GE7Ccacc9Cha7bpS8nyzVv0jdVgwNDaR4gDMC/2TTRc33Ip8qrNYUcpkOHUT5OZ0bUcNNVZQ9RLlg==

"@esbuild/android-x64@0.25.12":
  version "0.25.12"
  resolved "https://registry.yarnpkg.com/@esbuild/android-x64/-/android-x64-0.25.12.tgz#87dfb27161202bdc958ef48bb61b09c758faee16"
  integrity sha512-5jbb+2hhDHx5phYR2By8GTWEzn6I9UqR11Kwf22iKbNpYrsmRB18aX/9ivc5cabcUiAT/wM+YIZ6SG9QO6a8kg==

"@esbuild/darwin-arm64@0.25.12":
  version "0.25.12"
  resolved "https://registry.yarnpkg.com/@esbuild/darwin-arm64/-/darwin-arm64-0.25.12.tgz#79197898ec1ff745d21c071e1c7cc3c802f0c1fd"
  integrity sha512-N3zl+lxHCifgIlcMUP5016ESkeQjLj/959RxxNYIthIg+CQHInujFuXeWbWMgnTo4cp5XVHqFPmpyu9J65C1Yg==

"@esbuild/darwin-x64@0.25.12":
  version "0.25.12"
  resolved "https://registry.yarnpkg.com/@esbuild/darwin-x64/-/darwin-x64-0.25.12.tgz#146400a8562133f45c4d2eadcf37ddd09718079e"
  integrity sha512-HQ9ka4Kx21qHXwtlTUVbKJOAnmG1ipXhdWTmNXiPzPfWKpXqASVcWdnf2bnL73wgjNrFXAa3yYvBSd9pzfEIpA==

"@esbuild/freebsd-arm64@0.25.12":
  version "0.25.12"
  resolved "https://registry.yarnpkg.com/@esbuild/freebsd-arm64/-/freebsd-arm64-0.25.12.tgz#1c5f9ba7206e158fd2b24c59fa2d2c8bb47ca0fe"
  integrity sha512-gA0Bx759+7Jve03K1S0vkOu5Lg/85dou3EseOGUes8flVOGxbhDDh/iZaoek11Y8mtyKPGF3vP8XhnkDEAmzeg==

"@esbuild/freebsd-x64@0.25.12":
  version "0.25.12"
  resolved "https://registry.yarnpkg.com/@esbuild/freebsd-x64/-/freebsd-x64-0.25.12.tgz#ea631f4a36beaac4b9279fa0fcc6ca29eaeeb2b3"
  integrity sha512-TGbO26Yw2xsHzxtbVFGEXBFH0FRAP7gtcPE7P5yP7wGy7cXK2oO7RyOhL5NLiqTlBh47XhmIUXuGciXEqYFfBQ==

"@esbuild/linux-arm64@0.25.12":
  version "0.25.12"
  resolved "https://registry.yarnpkg.com/@esbuild/linux-arm64/-/linux-arm64-0.25.12.tgz#e1066bce58394f1b1141deec8557a5f0a22f5977"
  integrity sha512-8bwX7a8FghIgrupcxb4aUmYDLp8pX06rGh5HqDT7bB+8Rdells6mHvrFHHW2JAOPZUbnjUpKTLg6ECyzvas2AQ==

"@esbuild/linux-arm@0.25.12":
  version "0.25.12"
  resolved "https://registry.yarnpkg.com/@esbuild/linux-arm/-/linux-arm-0.25.12.tgz#452cd66b20932d08bdc53a8b61c0e30baf4348b9"
  integrity sha512-lPDGyC1JPDou8kGcywY0YILzWlhhnRjdof3UlcoqYmS9El818LLfJJc3PXXgZHrHCAKs/Z2SeZtDJr5MrkxtOw==

"@esbuild/linux-ia32@0.25.12":
  version "0.25.12"
  resolved "https://registry.yarnpkg.com/@esbuild/linux-ia32/-/linux-ia32-0.25.12.tgz#b24f8acc45bcf54192c7f2f3be1b53e6551eafe0"
  integrity sha512-0y9KrdVnbMM2/vG8KfU0byhUN+EFCny9+8g202gYqSSVMonbsCfLjUO+rCci7pM0WBEtz+oK/PIwHkzxkyharA==

"@esbuild/linux-loong64@0.25.12":
  version "0.25.12"
  resolved "https://registry.yarnpkg.com/@esbuild/linux-loong64/-/linux-loong64-0.25.12.tgz#f9cfffa7fc8322571fbc4c8b3268caf15bd81ad0"
  integrity sha512-h///Lr5a9rib/v1GGqXVGzjL4TMvVTv+s1DPoxQdz7l/AYv6LDSxdIwzxkrPW438oUXiDtwM10o9PmwS/6Z0Ng==

"@esbuild/linux-mips64el@0.25.12":
  version "0.25.12"
  resolved "https://registry.yarnpkg.com/@esbuild/linux-mips64el/-/linux-mips64el-0.25.12.tgz#575a14bd74644ffab891adc7d7e60d275296f2cd"
  integrity sha512-iyRrM1Pzy9GFMDLsXn1iHUm18nhKnNMWscjmp4+hpafcZjrr2WbT//d20xaGljXDBYHqRcl8HnxbX6uaA/eGVw==

"@esbuild/linux-ppc64@0.25.12":
  version "0.25.12"
  resolved "https://registry.yarnpkg.com/@esbuild/linux-ppc64/-/linux-ppc64-0.25.12.tgz#75b99c70a95fbd5f7739d7692befe60601591869"
  integrity sha512-9meM/lRXxMi5PSUqEXRCtVjEZBGwB7P/D4yT8UG/mwIdze2aV4Vo6U5gD3+RsoHXKkHCfSxZKzmDssVlRj1QQA==

"@esbuild/linux-riscv64@0.25.12":
  version "0.25.12"
  resolved "https://registry.yarnpkg.com/@esbuild/linux-riscv64/-/linux-riscv64-0.25.12.tgz#2e3259440321a44e79ddf7535c325057da875cd6"
  integrity sha512-Zr7KR4hgKUpWAwb1f3o5ygT04MzqVrGEGXGLnj15YQDJErYu/BGg+wmFlIDOdJp0PmB0lLvxFIOXZgFRrdjR0w==

"@esbuild/linux-s390x@0.25.12":
  version "0.25.12"
  resolved "https://registry.yarnpkg.com/@esbuild/linux-s390x/-/linux-s390x-0.25.12.tgz#17676cabbfe5928da5b2a0d6df5d58cd08db2663"
  integrity sha512-MsKncOcgTNvdtiISc/jZs/Zf8d0cl/t3gYWX8J9ubBnVOwlk65UIEEvgBORTiljloIWnBzLs4qhzPkJcitIzIg==

"@esbuild/linux-x64@0.25.12":
  version "0.25.12"
  resolved "https://registry.yarnpkg.com/@esbuild/linux-x64/-/linux-x64-0.25.12.tgz#0583775685ca82066d04c3507f09524d3cd7a306"
  integrity sha512-uqZMTLr/zR/ed4jIGnwSLkaHmPjOjJvnm6TVVitAa08SLS9Z0VM8wIRx7gWbJB5/J54YuIMInDquWyYvQLZkgw==

"@esbuild/netbsd-arm64@0.25.12":
  version "0.25.12"
  resolved "https://registry.yarnpkg.com/@esbuild/netbsd-arm64/-/netbsd-arm64-0.25.12.tgz#f04c4049cb2e252fe96b16fed90f70746b13f4a4"
  integrity sha512-xXwcTq4GhRM7J9A8Gv5boanHhRa/Q9KLVmcyXHCTaM4wKfIpWkdXiMog/KsnxzJ0A1+nD+zoecuzqPmCRyBGjg==

"@esbuild/netbsd-x64@0.25.12":
  version "0.25.12"
  resolved "https://registry.yarnpkg.com/@esbuild/netbsd-x64/-/netbsd-x64-0.25.12.tgz#77da0d0a0d826d7c921eea3d40292548b258a076"
  integrity sha512-Ld5pTlzPy3YwGec4OuHh1aCVCRvOXdH8DgRjfDy/oumVovmuSzWfnSJg+VtakB9Cm0gxNO9BzWkj6mtO1FMXkQ==

"@esbuild/openbsd-arm64@0.25.12":
  version "0.25.12"
  resolved "https://registry.yarnpkg.com/@esbuild/openbsd-arm64/-/openbsd-arm64-0.25.12.tgz#6296f5867aedef28a81b22ab2009c786a952dccd"
  integrity sha512-fF96T6KsBo/pkQI950FARU9apGNTSlZGsv1jZBAlcLL1MLjLNIWPBkj5NlSz8aAzYKg+eNqknrUJ24QBybeR5A==

"@esbuild/openbsd-x64@0.25.12":
  version "0.25.12"
  resolved "https://registry.yarnpkg.com/@esbuild/openbsd-x64/-/openbsd-x64-0.25.12.tgz#f8d23303360e27b16cf065b23bbff43c14142679"
  integrity sha512-MZyXUkZHjQxUvzK7rN8DJ3SRmrVrke8ZyRusHlP+kuwqTcfWLyqMOE3sScPPyeIXN/mDJIfGXvcMqCgYKekoQw==

"@esbuild/openharmony-arm64@0.25.12":
  version "0.25.12"
  resolved "https://registry.yarnpkg.com/@esbuild/openharmony-arm64/-/openharmony-arm64-0.25.12.tgz#49e0b768744a3924be0d7fd97dd6ce9b2923d88d"
  integrity sha512-rm0YWsqUSRrjncSXGA7Zv78Nbnw4XL6/dzr20cyrQf7ZmRcsovpcRBdhD43Nuk3y7XIoW2OxMVvwuRvk9XdASg==

"@esbuild/sunos-x64@0.25.12":
  version "0.25.12"
  resolved "https://registry.yarnpkg.com/@esbuild/sunos-x64/-/sunos-x64-0.25.12.tgz#a6ed7d6778d67e528c81fb165b23f4911b9b13d6"
  integrity sha512-3wGSCDyuTHQUzt0nV7bocDy72r2lI33QL3gkDNGkod22EsYl04sMf0qLb8luNKTOmgF/eDEDP5BFNwoBKH441w==

"@esbuild/win32-arm64@0.25.12":
  version "0.25.12"
  resolved "https://registry.yarnpkg.com/@esbuild/win32-arm64/-/win32-arm64-0.25.12.tgz#9ac14c378e1b653af17d08e7d3ce34caef587323"
  integrity sha512-rMmLrur64A7+DKlnSuwqUdRKyd3UE7oPJZmnljqEptesKM8wx9J8gx5u0+9Pq0fQQW8vqeKebwNXdfOyP+8Bsg==

"@esbuild/win32-ia32@0.25.12":
  version "0.25.12"
  resolved "https://registry.yarnpkg.com/@esbuild/win32-ia32/-/win32-ia32-0.25.12.tgz#918942dcbbb35cc14fca39afb91b5e6a3d127267"
  integrity sha512-HkqnmmBoCbCwxUKKNPBixiWDGCpQGVsrQfJoVGYLPT41XWF8lHuE5N6WhVia2n4o5QK5M4tYr21827fNhi4byQ==

"@esbuild/win32-x64@0.25.12":
  version "0.25.12"
  resolved "https://registry.yarnpkg.com/@esbuild/win32-x64/-/win32-x64-0.25.12.tgz#9bdad8176be7811ad148d1f8772359041f46c6c5"
  integrity sha512-alJC0uCZpTFrSL0CCDjcgleBXPnCrEAhTBILpeAp7M/OFgoqtAetfBzX0xM00MUsVVPpVjlPuMbREqnZCXaTnA==

"@mapbox/geojson-rewind@^0.5.2":
  version "0.5.2"
  resolved "https://registry.yarnpkg.com/@mapbox/geojson-rewind/-/geojson-rewind-0.5.2.tgz#591a5d71a9cd1da1a0bf3420b3bea31b0fc7946a"
  integrity sha512-tJaT+RbYGJYStt7wI3cq4Nl4SXxG8W7JDG5DMJu97V25RnbNg3QtQtf+KD+VLjNpWKYsRvXDNmNrBgEETr1ifA==
  dependencies:
    get-stream "^6.0.1"
    minimist "^1.2.6"

"@mapbox/jsonlint-lines-primitives@^2.0.2", "@mapbox/jsonlint-lines-primitives@~2.0.2":
  version "2.0.3"
  resolved "https://registry.yarnpkg.com/@mapbox/jsonlint-lines-primitives/-/jsonlint-lines-primitives-2.0.3.tgz#7d7b0b971fbaf6d60953272db4df03020d3fb004"
  integrity sha512-0SElaV0uMxEnxzBhhX9WTuPyUeMsAN/SS0i16tjuba4/mio63MG9khjC1a0JAiPGXAwvwm4UfHJURCN7nyudQg==

"@mapbox/point-geometry@*":
  version "1.1.0"
  resolved "https://registry.yarnpkg.com/@mapbox/point-geometry/-/point-geometry-1.1.0.tgz#3328fb54b3a1273bc619bf0a6baad8de37181749"
  integrity sha512-YGcBz1cg4ATXDCM/71L9xveh4dynfGmcLDqufR+nQQy3fKwsAZsWd/x4621/6uJaeB9mwOHE6hPeDgXz9uViUQ==

"@mapbox/point-geometry@0.1.0", "@mapbox/point-geometry@^0.1.0", "@mapbox/point-geometry@~0.1.0":
  version "0.1.0"
  resolved "https://registry.yarnpkg.com/@mapbox/point-geometry/-/point-geometry-0.1.0.tgz#8a83f9335c7860effa2eeeca254332aa0aeed8f2"
  integrity sha512-6j56HdLTwWGO0fJPlrZtdU/B13q8Uwmo18Ck2GnGgN9PCFyKTZ3UbXeEdRFh18i9XQ92eH2VdtpJHpBD3aripQ==

"@mapbox/tiny-sdf@^2.0.6":
  version "2.2.0"
  resolved "https://registry.yarnpkg.com/@mapbox/tiny-sdf/-/tiny-sdf-2.2.0.tgz#95dae0dc371b8c55c53d70f3e25d56823427f4c8"
  integrity sha512-LVL4wgI9YAum5V+LNVQO6QgFBPw7/MIIY4XJPNsPDMrjEwcE+JfKk1LuIl8GnF197ejVdC9QdPaxrx5gfgdGXg==

"@mapbox/unitbezier@^0.0.1":
  version "0.0.1"
  resolved "https://registry.yarnpkg.com/@mapbox/unitbezier/-/unitbezier-0.0.1.tgz#d32deb66c7177e9e9dfc3bbd697083e2e657ff01"
  integrity sha512-nMkuDXFv60aBr9soUG5q+GvZYL+2KZHVvsqFCzqnkGEf46U2fvmytHaEVc1/YZbiLn8X+eR3QzX1+dwDO1lxlw==

"@mapbox/vector-tile@^1.3.1":
  version "1.3.1"
  resolved "https://registry.yarnpkg.com/@mapbox/vector-tile/-/vector-tile-1.3.1.tgz#d3a74c90402d06e89ec66de49ec817ff53409666"
  integrity sha512-MCEddb8u44/xfQ3oD+Srl/tNcQoqTw3goGk2oLsrFxOTc3dUp+kAnby3PvAeeBYSMSjSPD1nd1AJA6W49WnoUw==
  dependencies:
    "@mapbox/point-geometry" "~0.1.0"

"@mapbox/whoots-js@^3.1.0":
  version "3.1.0"
  resolved "https://registry.yarnpkg.com/@mapbox/whoots-js/-/whoots-js-3.1.0.tgz#497c67a1cef50d1a2459ba60f315e448d2ad87fe"
  integrity sha512-Es6WcD0nO5l+2BOQS4uLfNPYQaNDfbot3X1XUoloz+x0mPDS3eeORZJl06HXjwBG1fOGwCRnzK88LMdxKRrd6Q==

"@maplibre/maplibre-gl-style-spec@^20.3.1":
  version "20.4.0"
  resolved "https://registry.yarnpkg.com/@maplibre/maplibre-gl-style-spec/-/maplibre-gl-style-spec-20.4.0.tgz#408339e051fb51e022b40af2235e0beb037937ea"
  integrity sha512-AzBy3095fTFPjDjmWpR2w6HVRAZJ6hQZUCwk5Plz6EyfnfuQW1odeW5i2Ai47Y6TBA2hQnC+azscjBSALpaWgw==
  dependencies:
    "@mapbox/jsonlint-lines-primitives" "~2.0.2"
    "@mapbox/unitbezier" "^0.0.1"
    json-stringify-pretty-compact "^4.0.0"
    minimist "^1.2.8"
    quickselect "^2.0.0"
    rw "^1.3.3"
    tinyqueue "^3.0.0"

"@rollup/rollup-android-arm-eabi@4.62.2":
  version "4.62.2"
  resolved "https://registry.yarnpkg.com/@rollup/rollup-android-arm-eabi/-/rollup-android-arm-eabi-4.62.2.tgz#5e9849b661c2229cf967a08dbe2dbbe9e8c991e5"
  integrity sha512-6o7ZLZK+BeenkZCFNDXqpbjw9bD6nuWonvS/lwQJp7NoVVxm6p3qE7qQ5jGuBjiFsgvqjD8mZAU5oWxTmbOeOg==

"@rollup/rollup-android-arm64@4.62.2":
  version "4.62.2"
  resolved "https://registry.yarnpkg.com/@rollup/rollup-android-arm64/-/rollup-android-arm64-4.62.2.tgz#5b0699ee5dd484b222c9ed74aff43c91ea8b17f8"
  integrity sha512-BaH7BllCACHoH1LguOU56UItGfUWjujlO65kS9LAodViaN4bwIKd7oeW/ZHJ/4ljr/7MIiENnNy3HJ0zXv8Zkw==

"@rollup/rollup-darwin-arm64@4.62.2":
  version "4.62.2"
  resolved "https://registry.yarnpkg.com/@rollup/rollup-darwin-arm64/-/rollup-darwin-arm64-4.62.2.tgz#8bc52c9d7a3ce8d0533c351a9c935de781daa06f"
  integrity sha512-v39RCCvj4He82I9sFmk+M1VZ0PLM9sfsLVikjfx2hYBNALhrrOR2D3JjQA6AhlaSOgcR+RzrKY7e1+bT6SUO/A==

"@rollup/rollup-darwin-x64@4.62.2":
  version "4.62.2"
  resolved "https://registry.yarnpkg.com/@rollup/rollup-darwin-x64/-/rollup-darwin-x64-4.62.2.tgz#ba2ef3e8fb310f0af35588f270cfa5aa96e48764"
  integrity sha512-yl0y2vq3S3lHeuXhEdss6TWfKW8vkujImO12tn4ZkG/4oghr09LvdYm2RElVjokTQiUvDUGXLGsYeLqUMCKpGA==

"@rollup/rollup-freebsd-arm64@4.62.2":
  version "4.62.2"
  resolved "https://registry.yarnpkg.com/@rollup/rollup-freebsd-arm64/-/rollup-freebsd-arm64-4.62.2.tgz#93b10bdbfe8ada226b8bc0c02ef6b7f544474d96"
  integrity sha512-tT4pvt4qXD+vEoezupCWi+a1F0vvDiksiHc+PxRlYTOH1I6/X4id9jPxTP+Fg+545euaFT1jJVs4CEdHZAU1vw==

"@rollup/rollup-freebsd-x64@4.62.2":
  version "4.62.2"
  resolved "https://registry.yarnpkg.com/@rollup/rollup-freebsd-x64/-/rollup-freebsd-x64-4.62.2.tgz#3e8aa38ef3c9c300946871e3fdbb0c30e0a20f86"
  integrity sha512-6nU5F2wCW+qvCBhTn1pdIU3bzsIoF7EUwsCDRxilWGprQR6yd508YnH9+OKFCwpfS8pjZqDUmnCAr7exax0XCg==

"@rollup/rollup-linux-arm-gnueabihf@4.62.2":
  version "4.62.2"
  resolved "https://registry.yarnpkg.com/@rollup/rollup-linux-arm-gnueabihf/-/rollup-linux-arm-gnueabihf-4.62.2.tgz#1d7994384bb0ad1bc41921b506e1642d4f9d7fc3"
  integrity sha512-n1GJHPOvpIfhi3TmrCeh6S6URt9BFCt0KQE3qvexyGCTAKpR4Lg+eWvNZEqu7epxwus/8ElT3hacYEucm49SZg==

"@rollup/rollup-linux-arm-musleabihf@4.62.2":
  version "4.62.2"
  resolved "https://registry.yarnpkg.com/@rollup/rollup-linux-arm-musleabihf/-/rollup-linux-arm-musleabihf-4.62.2.tgz#a6540f47cf844a56b80ca9ff95d2acdfb2cef97b"
  integrity sha512-JqgflS8wEB+UXV/vS1RpRbifGBeN4D5lz8D8oOFbFZw4vedvdOgCFAjfBmIMdW3yL10XpQQ0Ambepw6MXrhOnA==

"@rollup/rollup-linux-arm64-gnu@4.62.2":
  version "4.62.2"
  resolved "https://registry.yarnpkg.com/@rollup/rollup-linux-arm64-gnu/-/rollup-linux-arm64-gnu-4.62.2.tgz#404f2045651840cbf48da91ba6d0f490f0bc2cbf"
  integrity sha512-wnFJkogWvN4jm/hQRF2UBaeUmk20j5+DmHvoyWii2b8HJDyvz1MF2OU/6ynXt2KR63rbZLWkFpoytpdc/yBuSA==

"@rollup/rollup-linux-arm64-musl@4.62.2":
  version "4.62.2"
  resolved "https://registry.yarnpkg.com/@rollup/rollup-linux-arm64-musl/-/rollup-linux-arm64-musl-4.62.2.tgz#a3404ffddf7b474b48c99b9c893b6247bb765ba5"
  integrity sha512-HVu2bp0zhvJ8xHEV9+UUs7S90VadmBSY3LcIMvozbPo4AuMGDWlz3ymHLHZPX4hR67TKTt8Qp5PJ5RBg/i+RMQ==

"@rollup/rollup-linux-loong64-gnu@4.62.2":
  version "4.62.2"
  resolved "https://registry.yarnpkg.com/@rollup/rollup-linux-loong64-gnu/-/rollup-linux-loong64-gnu-4.62.2.tgz#e8aac6d549b377945e349882f199b7c8eb75ca38"
  integrity sha512-mQqqAV8QaoSgr9I2fKDLY2BAVvmKjWoGiu/cSYQonsLvtqwEn1E4QYfnCOcp5zoEqNhsDYin1s6jx/VJmrxlZg==

"@rollup/rollup-linux-loong64-musl@4.62.2":
  version "4.62.2"
  resolved "https://registry.yarnpkg.com/@rollup/rollup-linux-loong64-musl/-/rollup-linux-loong64-musl-4.62.2.tgz#6e2e44ea50310b3a582078a915e5feb879c820d4"
  integrity sha512-IxKLoxCQ2IWi6bT2akyDUBGsOImDKB+sPp4EsTmwFQ/fMwpCKm8uLSSgP/Kx/QYUgKis6SEZ5/Nlhup0DIA0PQ==

"@rollup/rollup-linux-ppc64-gnu@4.62.2":
  version "4.62.2"
  resolved "https://registry.yarnpkg.com/@rollup/rollup-linux-ppc64-gnu/-/rollup-linux-ppc64-gnu-4.62.2.tgz#6898302da6d77a0537cde64b2b4c6b60659bd110"
  integrity sha512-Mk5ha2RQSgyFfmYYLkBpPnUk8D8FriBxesO1u9O75X0mHgXL1UQcH5Itl2lurWL2tj0RxV9b9tJgipac0hRY9A==

"@rollup/rollup-linux-ppc64-musl@4.62.2":
  version "4.62.2"
  resolved "https://registry.yarnpkg.com/@rollup/rollup-linux-ppc64-musl/-/rollup-linux-ppc64-musl-4.62.2.tgz#333717c95dd5a66bef8f63e7ef8a9fd845fd18d0"
  integrity sha512-CjvEnqJL/0/TQ3TXX3OPIJ/kmBellrWd4heXUmHeJlTnmwjKpSJzoehLaL6Xk0ZnMHBu9dZuFADNOrtjF4v+2w==

"@rollup/rollup-linux-riscv64-gnu@4.62.2":
  version "4.62.2"
  resolved "https://registry.yarnpkg.com/@rollup/rollup-linux-riscv64-gnu/-/rollup-linux-riscv64-gnu-4.62.2.tgz#81bc06ba380352004d01f4826eb7cdccefa05bad"
  integrity sha512-1SiZbzwdkaDURsew/tSOrooKiYy7EQGT6m8ufavAi9NEyQb/6VuIxFXAL1fqa4iZe3g4NbNk4P7J32z2tw5Mgg==

"@rollup/rollup-linux-riscv64-musl@4.62.2":
  version "4.62.2"
  resolved "https://registry.yarnpkg.com/@rollup/rollup-linux-riscv64-musl/-/rollup-linux-riscv64-musl-4.62.2.tgz#95a7cd39de21389ad6788a5284eaaa738e29ca4c"
  integrity sha512-nQts12zJ3NQRoE6uYljOH89v7szzLDvG2JD/vsX+vGXU8w/At1GowTZ5/7qeFQ8m7L55rpR8Okugnuo5bgjy2Q==

"@rollup/rollup-linux-s390x-gnu@4.62.2":
  version "4.62.2"
  resolved "https://registry.yarnpkg.com/@rollup/rollup-linux-s390x-gnu/-/rollup-linux-s390x-gnu-4.62.2.tgz#06e6db2ec1bc48b5374c7923ef83c2eb024b2452"
  integrity sha512-E9/ll019jhPIJgpzfZoIkBGhcz+kKNgVWYRY0zr9srBdPPFVpvOKW8VaJKUbeK+eZXyQF9ltME+Kk6affeaPgg==

"@rollup/rollup-linux-x64-gnu@4.62.2":
  version "4.62.2"
  resolved "https://registry.yarnpkg.com/@rollup/rollup-linux-x64-gnu/-/rollup-linux-x64-gnu-4.62.2.tgz#5dc818988285e09e88790c6462def72413df2da3"
  integrity sha512-5BqxR/pshjey51iliyzTD5Xi3EN0aLmQ2lZ3lvefVV9c82BvrLo2/6OT55iifpWBufs6kdwWbuOKS841DrmK9A==

"@rollup/rollup-linux-x64-musl@4.62.2":
  version "4.62.2"
  resolved "https://registry.yarnpkg.com/@rollup/rollup-linux-x64-musl/-/rollup-linux-x64-musl-4.62.2.tgz#2080f4a93349e9afd34be6fc1a37e01fc8bfc80f"
  integrity sha512-uNN83XxQrRAh/w0/pmAfibcwyb6YWt4gP+dpnQKPVJshAloQ785ii8CT8ZCIxkGg9opVsvAlGhFitSm6D1Jjpg==

"@rollup/rollup-openbsd-x64@4.62.2":
  version "4.62.2"
  resolved "https://registry.yarnpkg.com/@rollup/rollup-openbsd-x64/-/rollup-openbsd-x64-4.62.2.tgz#21d64a8acb66221724b923e51af5333df1af044b"
  integrity sha512-srjEIxSH3LRnJN6THczDHWQplqEMFiAJrTab0msUryh9kwNpkICf3Ea6q6MN/2cZwRFUNx5w+h6Hpi4QuHS6Zg==

"@rollup/rollup-openharmony-arm64@4.62.2":
  version "4.62.2"
  resolved "https://registry.yarnpkg.com/@rollup/rollup-openharmony-arm64/-/rollup-openharmony-arm64-4.62.2.tgz#8e0fcd9d02141e337b4c5b5cff576cb9a76b1ba0"
  integrity sha512-8hOJnxgbyObnCm5AlRA3A931xX19xq80RjVTKgJOvEKWqJruP/Uf12IbAOaDjjEXYRewwHLfmF0YRIdK3OwKWA==

"@rollup/rollup-win32-arm64-msvc@4.62.2":
  version "4.62.2"
  resolved "https://registry.yarnpkg.com/@rollup/rollup-win32-arm64-msvc/-/rollup-win32-arm64-msvc-4.62.2.tgz#bdb4cc4efd58efe808203347f0f5463f0ea16e52"
  integrity sha512-mmF4AY1i0hG/bLWUctUq59gtmgaSIRa3cu/A3JFRp/sCNEme2bgDEiDS22P9FbnJB8NJNF4jPJiSP5RHQpUTDg==

"@rollup/rollup-win32-ia32-msvc@4.62.2":
  version "4.62.2"
  resolved "https://registry.yarnpkg.com/@rollup/rollup-win32-ia32-msvc/-/rollup-win32-ia32-msvc-4.62.2.tgz#dbaebde5afd24eae0eefe915d901632e7cb59860"
  integrity sha512-DZgkknc6jhHrk46V25vbAM0zZkyP0nSDkJB8/dRkLTxv470dOmWDqGoEJl/9A0dFfS7yE3REOwNDxpHwSLSt0Q==

"@rollup/rollup-win32-x64-gnu@4.62.2":
  version "4.62.2"
  resolved "https://registry.yarnpkg.com/@rollup/rollup-win32-x64-gnu/-/rollup-win32-x64-gnu-4.62.2.tgz#84109e85fea5f8f1353499f96578fdc2a0e8b138"
  integrity sha512-T6xr6ucWSFto+VGajA8YH26LdpHRuP4YLHEKAtCWvJDOlnmWcDZVCI2Jmjr+IFHDlt2zRaTAKE4tfjTaWLgJBg==

"@rollup/rollup-win32-x64-msvc@4.62.2":
  version "4.62.2"
  resolved "https://registry.yarnpkg.com/@rollup/rollup-win32-x64-msvc/-/rollup-win32-x64-msvc-4.62.2.tgz#3671ce3f9b928d5c01f879792d5c0b60ae14d4ad"
  integrity sha512-BfzEnDJOt9T8M989/lA37EcJgat01wLRnoi5dQf3QzOH7jzpqTAzdDbVfRljVr5r+jzKqpbHeyOfAaXxAd0PAA==

"@tweenjs/tween.js@~23.1.3":
  version "23.1.3"
  resolved "https://registry.yarnpkg.com/@tweenjs/tween.js/-/tween.js-23.1.3.tgz#eff0245735c04a928bb19c026b58c2a56460539d"
  integrity sha512-vJmvvwFxYuGnF2axRtPYocag6Clbb5YS7kLL+SO/TeVFzHqDIWrNKYtcsPMibjDx9O+bu+psAy9NKfWklassUA==

"@types/estree@1.0.9":
  version "1.0.9"
  resolved "https://registry.yarnpkg.com/@types/estree/-/estree-1.0.9.tgz#cf3f0e876d7bee15a93ab925b82bf570a3904a24"
  integrity sha512-GhdPgy1el4/ImP05X05Uw4cw2/M93BCUmnEvWZNStlCzEKME4Fkk+YpoA5OiHNQmoS7Cafb8Xa3Pya8m1Qrzeg==

"@types/geojson-vt@3.2.5":
  version "3.2.5"
  resolved "https://registry.yarnpkg.com/@types/geojson-vt/-/geojson-vt-3.2.5.tgz#b6c356874991d9ab4207533476dfbcdb21e38408"
  integrity sha512-qDO7wqtprzlpe8FfQ//ClPV9xiuoh2nkIgiouIptON9w5jvD/fA4szvP9GBlDVdJ5dldAl0kX/sy3URbWwLx0g==
  dependencies:
    "@types/geojson" "*"

"@types/geojson@*", "@types/geojson@^7946.0.14":
  version "7946.0.16"
  resolved "https://registry.yarnpkg.com/@types/geojson/-/geojson-7946.0.16.tgz#8ebe53d69efada7044454e3305c19017d97ced2a"
  integrity sha512-6C8nqWur3j98U6+lXDfTUWIfgvZU+EumvpHKcYjujKH7woYyLj2sUmff0tRhrqM7BohUw7Pz3ZB1jj2gW9Fvmg==

"@types/mapbox__point-geometry@*":
  version "1.0.87"
  resolved "https://registry.yarnpkg.com/@types/mapbox__point-geometry/-/mapbox__point-geometry-1.0.87.tgz#164ba7a9f2cd899e7fa5086f6bb6abd158241fdd"
  integrity sha512-32whuSWD/aDBHpRrZmEMlRjxR0L3sSYUaRnVmw0XwyVMvuU5LsRqrFwYud7gXjqmUE0MSoJB91+IJMqCyYyxag==
  dependencies:
    "@mapbox/point-geometry" "*"

"@types/mapbox__point-geometry@^0.1.4":
  version "0.1.4"
  resolved "https://registry.yarnpkg.com/@types/mapbox__point-geometry/-/mapbox__point-geometry-0.1.4.tgz#0ef017b75eedce02ff6243b4189210e2e6d5e56d"
  integrity sha512-mUWlSxAmYLfwnRBmgYV86tgYmMIICX4kza8YnE/eIlywGe2XoOxlpVnXWwir92xRLjwyarqwpu2EJKD2pk0IUA==

"@types/mapbox__vector-tile@^1.3.4":
  version "1.3.4"
  resolved "https://registry.yarnpkg.com/@types/mapbox__vector-tile/-/mapbox__vector-tile-1.3.4.tgz#ad757441ef1d34628d9e098afd9c91423c1f8734"
  integrity sha512-bpd8dRn9pr6xKvuEBQup8pwQfD4VUyqO/2deGjfpe6AwC8YRlyEipvefyRJUSiCJTZuCb8Pl1ciVV5ekqJ96Bg==
  dependencies:
    "@types/geojson" "*"
    "@types/mapbox__point-geometry" "*"
    "@types/pbf" "*"

"@types/pbf@*", "@types/pbf@^3.0.5":
  version "3.0.5"
  resolved "https://registry.yarnpkg.com/@types/pbf/-/pbf-3.0.5.tgz#a9495a58d8c75be4ffe9a0bd749a307715c07404"
  integrity sha512-j3pOPiEcWZ34R6a6mN07mUkM4o4Lwf6hPNt8eilOeZhTFbxFXmKhvXl9Y28jotFPaI1bpPDJsbCprUoNke6OrA==

"@types/proj4@^2.5.5":
  version "2.19.0"
  resolved "https://registry.yarnpkg.com/@types/proj4/-/proj4-2.19.0.tgz#4aa8b5236ce09cc2fb4d3299d0f0c1f35ba37266"
  integrity sha512-mirdnXu5sW9+IphQ4r+ZVii2JVLDbXgMp1lxqbiCppdgL22EwMwL4Dy/cyHVaJ2y/mi7LUQHghpILd3w3j2bnA==
  dependencies:
    proj4 "*"

"@types/stats.js@*":
  version "0.17.4"
  resolved "https://registry.yarnpkg.com/@types/stats.js/-/stats.js-0.17.4.tgz#1933e5ff153a23c7664487833198d685c22e791e"
  integrity sha512-jIBvWWShCvlBqBNIZt0KAshWpvSjhkwkEu4ZUcASoAvhmrgAUI2t1dXrjSL4xXVLB4FznPrIsX3nKXFl/Dt4vA==

"@types/supercluster@^7.1.3":
  version "7.1.3"
  resolved "https://registry.yarnpkg.com/@types/supercluster/-/supercluster-7.1.3.tgz#1a1bc2401b09174d9c9e44124931ec7874a72b27"
  integrity sha512-Z0pOY34GDFl3Q6hUFYf3HkTwKEE02e7QgtJppBt+beEAxnyOpJua+voGFvxINBHa06GwLFFym7gRPY2SiKIfIA==
  dependencies:
    "@types/geojson" "*"

"@types/three@^0.168.0":
  version "0.168.0"
  resolved "https://registry.yarnpkg.com/@types/three/-/three-0.168.0.tgz#510420c4bbee7937bbbcdfbc5dc31160771eaef8"
  integrity sha512-qAGLGzbaYgkkonOBfwOr+TZpOskPfFjrDAj801WQSVkUz0/D9zwir4vhruJ/CC/GteywzR9pqeVVfs5th/2oKw==
  dependencies:
    "@tweenjs/tween.js" "~23.1.3"
    "@types/stats.js" "*"
    "@types/webxr" "*"
    "@webgpu/types" "*"
    fflate "~0.8.2"
    meshoptimizer "~0.18.1"

"@types/webxr@*":
  version "0.5.24"
  resolved "https://registry.yarnpkg.com/@types/webxr/-/webxr-0.5.24.tgz#734d5d90dadc5809a53e422726c60337fa2f4a44"
  integrity sha512-h8fgEd/DpoS9CBrjEQXR+dIDraopAEfu4wYVNY2tEPwk60stPWhvZMf4Foo5FakuQ7HFZoa8WceaWFervK2Ovg==

"@webgpu/types@*":
  version "0.1.71"
  resolved "https://registry.yarnpkg.com/@webgpu/types/-/types-0.1.71.tgz#46ed33ba7816029d622d0b52e1e0004bf441db98"
  integrity sha512-mMy8/ODcKhab808co15eW+yN+HgXoQxRQHTiBV9Mrvl1r0ufnid7YOcI+gi4eUWSWl9ezD6TW2KXccrL8HCh2A==

earcut@^3.0.0:
  version "3.2.3"
  resolved "https://registry.yarnpkg.com/earcut/-/earcut-3.2.3.tgz#74aec19555a7e28773429826729d2e4bfeb19022"
  integrity sha512-vnS4AVwp1KHAF13i1vp1/2D5evWy3k5u/iW/B81QVsUZtV8cv2tU0b2VNFlqvh4kYwrFMDdjPCfAmfyJW9y14Q==

esbuild@^0.25.0:
  version "0.25.12"
  resolved "https://registry.yarnpkg.com/esbuild/-/esbuild-0.25.12.tgz#97a1d041f4ab00c2fce2f838d2b9969a2d2a97a5"
  integrity sha512-bbPBYYrtZbkt6Os6FiTLCTFxvq4tt3JKall1vRwshA3fdVztsLAatFaZobhkBC8/BrPetoa0oksYoKXoG4ryJg==
  optionalDependencies:
    "@esbuild/aix-ppc64" "0.25.12"
    "@esbuild/android-arm" "0.25.12"
    "@esbuild/android-arm64" "0.25.12"
    "@esbuild/android-x64" "0.25.12"
    "@esbuild/darwin-arm64" "0.25.12"
    "@esbuild/darwin-x64" "0.25.12"
    "@esbuild/freebsd-arm64" "0.25.12"
    "@esbuild/freebsd-x64" "0.25.12"
    "@esbuild/linux-arm" "0.25.12"
    "@esbuild/linux-arm64" "0.25.12"
    "@esbuild/linux-ia32" "0.25.12"
    "@esbuild/linux-loong64" "0.25.12"
    "@esbuild/linux-mips64el" "0.25.12"
    "@esbuild/linux-ppc64" "0.25.12"
    "@esbuild/linux-riscv64" "0.25.12"
    "@esbuild/linux-s390x" "0.25.12"
    "@esbuild/linux-x64" "0.25.12"
    "@esbuild/netbsd-arm64" "0.25.12"
    "@esbuild/netbsd-x64" "0.25.12"
    "@esbuild/openbsd-arm64" "0.25.12"
    "@esbuild/openbsd-x64" "0.25.12"
    "@esbuild/openharmony-arm64" "0.25.12"
    "@esbuild/sunos-x64" "0.25.12"
    "@esbuild/win32-arm64" "0.25.12"
    "@esbuild/win32-ia32" "0.25.12"
    "@esbuild/win32-x64" "0.25.12"

fdir@^6.4.4, fdir@^6.5.0:
  version "6.5.0"
  resolved "https://registry.yarnpkg.com/fdir/-/fdir-6.5.0.tgz#ed2ab967a331ade62f18d077dae192684d50d350"
  integrity sha512-tIbYtZbucOs0BRGqPJkshJUYdL+SDH7dVM8gjy+ERp3WAUjLEFJE+02kanyHtwjWOnwrKYBiwAmM0p4kLJAnXg==

fflate@~0.8.2:
  version "0.8.3"
  resolved "https://registry.yarnpkg.com/fflate/-/fflate-0.8.3.tgz#bc27d8eb30343d4d512abb03480202ce65d825fc"
  integrity sha512-tbZNuJrLwGUp3zshBtdy4W+ORxZuIh8a5ilyIEQDC5rY1f3U20JMry0Ll3WBzU58EZKsEuJFXhb5gwv8CsPvgA==

fsevents@~2.3.2, fsevents@~2.3.3:
  version "2.3.3"
  resolved "https://registry.yarnpkg.com/fsevents/-/fsevents-2.3.3.tgz#cac6407785d03675a2a5e1a5305c697b347d90d6"
  integrity sha512-5xoDfX+fL7faATnagmWPpbFtwh/R77WmMMqqHGS65C3vvB0YHrgF+B1YmZ3441tMj5n63k0212XNoJwzlhffQw==

geojson-vt@^4.0.2:
  version "4.0.3"
  resolved "https://registry.yarnpkg.com/geojson-vt/-/geojson-vt-4.0.3.tgz#d31c8740596e35f8da81c108311608608019601f"
  integrity sha512-jR1MwkLaZGa8Zftct9ZFruyWFrdl9ZyD2OliXNy9Qq5bBPeg5wHVpBQF9p5GjnicSDQqvBVpysxTPKmWdsfWMA==

get-stream@^6.0.1:
  version "6.0.1"
  resolved "https://registry.yarnpkg.com/get-stream/-/get-stream-6.0.1.tgz#a262d8eef67aced57c2852ad6167526a43cbf7b7"
  integrity sha512-ts6Wi+2j3jQjqi70w5AlN8DFnkSwC+MqmxEzdEALB2qXZYV3X/b1CTfgPLGJNMeAWxdPfU8FO1ms3NUfaHCPYg==

gl-matrix@^3.4.3:
  version "3.4.4"
  resolved "https://registry.yarnpkg.com/gl-matrix/-/gl-matrix-3.4.4.tgz#7789ee4982f62c7a7af447ee488f3bd6b0c77003"
  integrity sha512-latSnyDNt/8zYUB6VIJ6PCh2jBjJX6gnDsoCZ7LyW7GkqrD51EWwa9qCoGixj8YqBtETQK/xY7OmpTF8xz1DdQ==

global-prefix@^4.0.0:
  version "4.0.0"
  resolved "https://registry.yarnpkg.com/global-prefix/-/global-prefix-4.0.0.tgz#e9cc79aab9be1d03287e156a3f912dd0895463ed"
  integrity sha512-w0Uf9Y9/nyHinEk5vMJKRie+wa4kR5hmDbEhGGds/kG1PwGLLHKRoNMeJOyCQjjBkANlnScqgzcFwGHgmgLkVA==
  dependencies:
    ini "^4.1.3"
    kind-of "^6.0.3"
    which "^4.0.0"

ieee754@^1.1.12:
  version "1.2.1"
  resolved "https://registry.yarnpkg.com/ieee754/-/ieee754-1.2.1.tgz#8eb7a10a63fff25d15a57b001586d177d1b0d352"
  integrity sha512-dcyqhDvX1C46lXZcVqCpK+FtMRQVdIMN6/Df5js2zouUsqG7I6sFxitIC+7KYK29KdXOLHdu9zL4sFnoVQnqaA==

ini@^4.1.3:
  version "4.1.3"
  resolved "https://registry.yarnpkg.com/ini/-/ini-4.1.3.tgz#4c359675a6071a46985eb39b14e4a2c0ec98a795"
  integrity sha512-X7rqawQBvfdjS10YU1y1YVreA3SsLrW9dX2CewP2EbBJM4ypVNLDkO5y04gejPwKIY9lR+7r9gn3rFPt/kmWFg==

isexe@^3.1.1:
  version "3.1.5"
  resolved "https://registry.yarnpkg.com/isexe/-/isexe-3.1.5.tgz#42e368f68d5e10dadfee4fda7b550bc2d8892dc9"
  integrity sha512-6B3tLtFqtQS4ekarvLVMZ+X+VlvQekbe4taUkf/rhVO3d/h0M2rfARm/pXLcPEsjjMsFgrFgSrhQIxcSVrBz8w==

json-stringify-pretty-compact@^4.0.0:
  version "4.0.0"
  resolved "https://registry.yarnpkg.com/json-stringify-pretty-compact/-/json-stringify-pretty-compact-4.0.0.tgz#cf4844770bddee3cb89a6170fe4b00eee5dbf1d4"
  integrity sha512-3CNZ2DnrpByG9Nqj6Xo8vqbjT4F6N+tb4Gb28ESAZjYZ5yqvmc56J+/kuIwkaAMOyblTQhUW7PxMkUb8Q36N3Q==

kdbush@^4.0.2:
  version "4.1.0"
  resolved "https://registry.yarnpkg.com/kdbush/-/kdbush-4.1.0.tgz#d504bc0447a59be4fb75533a5c25e316b3ed8859"
  integrity sha512-e9vurzrXJQrFX6ckpHP3bvj5l+9CnYzkxDNnNQ1h2QTqdWsUAJgXiKdGNcOa1EY85dU8KbQ+z/FdQdB7P+9yfQ==

kind-of@^6.0.3:
  version "6.0.3"
  resolved "https://registry.yarnpkg.com/kind-of/-/kind-of-6.0.3.tgz#07c05034a6c349fa06e24fa35aa76db4580ce4dd"
  integrity sha512-dcS1ul+9tmeD95T+x28/ehLgd9mENa3LsvDTtzm3vyBEO7RPptvAD+t44WVXaUjTBRcrpFeFlC8WCruUR456hw==

maplibre-gl@^4.7.0:
  version "4.7.1"
  resolved "https://registry.yarnpkg.com/maplibre-gl/-/maplibre-gl-4.7.1.tgz#06a524438ee2aafbe8bcd91002a4e01468ea5486"
  integrity sha512-lgL7XpIwsgICiL82ITplfS7IGwrB1OJIw/pCvprDp2dhmSSEBgmPzYRvwYYYvJGJD7fxUv1Tvpih4nZ6VrLuaA==
  dependencies:
    "@mapbox/geojson-rewind" "^0.5.2"
    "@mapbox/jsonlint-lines-primitives" "^2.0.2"
    "@mapbox/point-geometry" "^0.1.0"
    "@mapbox/tiny-sdf" "^2.0.6"
    "@mapbox/unitbezier" "^0.0.1"
    "@mapbox/vector-tile" "^1.3.1"
    "@mapbox/whoots-js" "^3.1.0"
    "@maplibre/maplibre-gl-style-spec" "^20.3.1"
    "@types/geojson" "^7946.0.14"
    "@types/geojson-vt" "3.2.5"
    "@types/mapbox__point-geometry" "^0.1.4"
    "@types/mapbox__vector-tile" "^1.3.4"
    "@types/pbf" "^3.0.5"
    "@types/supercluster" "^7.1.3"
    earcut "^3.0.0"
    geojson-vt "^4.0.2"
    gl-matrix "^3.4.3"
    global-prefix "^4.0.0"
    kdbush "^4.0.2"
    murmurhash-js "^1.0.0"
    pbf "^3.3.0"
    potpack "^2.0.0"
    quickselect "^3.0.0"
    supercluster "^8.0.1"
    tinyqueue "^3.0.0"
    vt-pbf "^3.1.3"

meshoptimizer@~0.18.1:
  version "0.18.1"
  resolved "https://registry.yarnpkg.com/meshoptimizer/-/meshoptimizer-0.18.1.tgz#cdb90907f30a7b5b1190facd3b7ee6b7087797d8"
  integrity sha512-ZhoIoL7TNV4s5B6+rx5mC//fw8/POGyNxS/DZyCJeiZ12ScLfVwRE/GfsxwiTkMYYD5DmK2/JXnEVXqL4rF+Sw==

mgrs@1.0.0:
  version "1.0.0"
  resolved "https://registry.yarnpkg.com/mgrs/-/mgrs-1.0.0.tgz#fb91588e78c90025672395cb40b25f7cd6ad1829"
  integrity sha512-awNbTOqCxK1DBGjalK3xqWIstBZgN6fxsMSiXLs9/spqWkF2pAhb2rrYCFSsr1/tT7PhcDGjZndG8SWYn0byYA==

minimist@^1.2.6, minimist@^1.2.8:
  version "1.2.8"
  resolved "https://registry.yarnpkg.com/minimist/-/minimist-1.2.8.tgz#c1a464e7693302e082a075cee0c057741ac4772c"
  integrity sha512-2yyAR8qBkN3YuheJanUpWC5U3bb5osDywNB8RzDVlDwDHbocAJveqqj1u8+SVD7jkWT4yvsHCpWqqWqAxb0zCA==

murmurhash-js@^1.0.0:
  version "1.0.0"
  resolved "https://registry.yarnpkg.com/murmurhash-js/-/murmurhash-js-1.0.0.tgz#b06278e21fc6c37fa5313732b0412bcb6ae15f51"
  integrity sha512-TvmkNhkv8yct0SVBSy+o8wYzXjE4Zz3PCesbfs8HiCXXdcTuocApFv11UWlNFWKYsP2okqrhb7JNlSm9InBhIw==

nanoid@^3.3.12:
  version "3.3.16"
  resolved "https://registry.yarnpkg.com/nanoid/-/nanoid-3.3.16.tgz#a04d8ec4b1f10009d2d533947aefe4293737816c"
  integrity sha512-bzlKTyNJ7+LdGIIwy8ijFpIqEQIvafahV7eYykJ8Cvh42EdJeODoJ6gUJXpQJvej1BddH8OqTXZNE/KfbWAu8Q==

pbf@^3.2.1, pbf@^3.3.0:
  version "3.3.0"
  resolved "https://registry.yarnpkg.com/pbf/-/pbf-3.3.0.tgz#1790f3d99118333cc7f498de816028a346ef367f"
  integrity sha512-XDF38WCH3z5OV/OVa8GKUNtLAyneuzbCisx7QUCF8Q6Nutx0WnJrQe5O+kOtBlLfRNUws98Y58Lblp+NJG5T4Q==
  dependencies:
    ieee754 "^1.1.12"
    resolve-protobuf-schema "^2.1.0"

picocolors@^1.1.1:
  version "1.1.1"
  resolved "https://registry.yarnpkg.com/picocolors/-/picocolors-1.1.1.tgz#3d321af3eab939b083c8f929a1d12cda81c26b6b"
  integrity sha512-xceH2snhtb5M9liqDsmEw56le376mTZkEX/jEb/RxNFyegNul7eNslCXP9FDj/Lcu0X8KEyMceP2ntpaHrDEVA==

picomatch@^4.0.2, picomatch@^4.0.4:
  version "4.0.5"
  resolved "https://registry.yarnpkg.com/picomatch/-/picomatch-4.0.5.tgz#51ea57a17d86f605f81039595fbc40ed06a55fab"
  integrity sha512-RvwwcruNjI1ncT5xRakeyS9Lf8lcItv34KD+aif+VH9kduAyfYBipGh12274xtenIPZ119/R9BdTBa8gAwSh0A==

postcss@^8.5.3:
  version "8.5.19"
  resolved "https://registry.yarnpkg.com/postcss/-/postcss-8.5.19.tgz#45ad5cfde499408e20147348237551381a922037"
  integrity sha512-Mz8SaolMd8nB+G13WkORcxQKHZ/NE4xXevtkJHVuG+guo9/wYKlIMTKAqGdEmYOXR2ijPjTYNHssizdaVSUNdQ==
  dependencies:
    nanoid "^3.3.12"
    picocolors "^1.1.1"
    source-map-js "^1.2.1"

potpack@^2.0.0:
  version "2.1.0"
  resolved "https://registry.yarnpkg.com/potpack/-/potpack-2.1.0.tgz#fe548e2f9061e9937f17191c1ab6dd98ca30e02f"
  integrity sha512-pcaShQc1Shq0y+E7GqJqvZj8DTthWV1KeHGdi0Z6IAin2Oi3JnLCOfwnCo84qc+HAp52wT9nK9H7FAJp5a44GQ==

proj4@*, proj4@^2.12.1:
  version "2.20.9"
  resolved "https://registry.yarnpkg.com/proj4/-/proj4-2.20.9.tgz#73a00460772cdb5d1c931cf6009cb28fb7495a36"
  integrity sha512-GLBGqXaTcdWnppre3o1sMmy4DcMGSGq/ng+9k2MTNddarRK6SveINqlqYzi3xEXuy06ljY1TTrC6H9C4f360IQ==
  dependencies:
    mgrs "1.0.0"
    wkt-parser "^1.5.5"

protocol-buffers-schema@^3.3.1:
  version "3.6.1"
  resolved "https://registry.yarnpkg.com/protocol-buffers-schema/-/protocol-buffers-schema-3.6.1.tgz#fd9a58a5c4e96385b964808f3ddd58f9ef18c3c8"
  integrity sha512-VG2K63Igkiv9p76tk1lilczEK1cT+kCjKtkdhw1dQZV3k3IXJbd3o6Ho8b9zJZaHSnT2hKe4I+ObmX9w6m5SmQ==

quickselect@^2.0.0:
  version "2.0.0"
  resolved "https://registry.yarnpkg.com/quickselect/-/quickselect-2.0.0.tgz#f19680a486a5eefb581303e023e98faaf25dd018"
  integrity sha512-RKJ22hX8mHe3Y6wH/N3wCM6BWtjaxIyyUIkpHOvfFnxdI4yD4tBXEBKSbriGujF6jnSVkJrffuo6vxACiSSxIw==

quickselect@^3.0.0:
  version "3.0.0"
  resolved "https://registry.yarnpkg.com/quickselect/-/quickselect-3.0.0.tgz#a37fc953867d56f095a20ac71c6d27063d2de603"
  integrity sha512-XdjUArbK4Bm5fLLvlm5KpTFOiOThgfWWI4axAZDWg4E/0mKdZyI9tNEfds27qCi1ze/vwTR16kvmmGhRra3c2g==

resolve-protobuf-schema@^2.1.0:
  version "2.1.0"
  resolved "https://registry.yarnpkg.com/resolve-protobuf-schema/-/resolve-protobuf-schema-2.1.0.tgz#9ca9a9e69cf192bbdaf1006ec1973948aa4a3758"
  integrity sha512-kI5ffTiZWmJaS/huM8wZfEMer1eRd7oJQhDuxeCLe3t7N7mX3z94CN0xPxBQxFYQTSNz9T0i+v6inKqSdK8xrQ==
  dependencies:
    protocol-buffers-schema "^3.3.1"

rollup@^4.34.9:
  version "4.62.2"
  resolved "https://registry.yarnpkg.com/rollup/-/rollup-4.62.2.tgz#d90fc4cb811f071303c890b779595634f35f9541"
  integrity sha512-RFnrW4lhXA3s3eqHDZvN654g8OTjzRfqpIRJYczCGB6HzphckVAi/Qh4tbPUbRuDi7s1Llv8g/NspLkttY3gTA==
  dependencies:
    "@types/estree" "1.0.9"
  optionalDependencies:
    "@rollup/rollup-android-arm-eabi" "4.62.2"
    "@rollup/rollup-android-arm64" "4.62.2"
    "@rollup/rollup-darwin-arm64" "4.62.2"
    "@rollup/rollup-darwin-x64" "4.62.2"
    "@rollup/rollup-freebsd-arm64" "4.62.2"
    "@rollup/rollup-freebsd-x64" "4.62.2"
    "@rollup/rollup-linux-arm-gnueabihf" "4.62.2"
    "@rollup/rollup-linux-arm-musleabihf" "4.62.2"
    "@rollup/rollup-linux-arm64-gnu" "4.62.2"
    "@rollup/rollup-linux-arm64-musl" "4.62.2"
    "@rollup/rollup-linux-loong64-gnu" "4.62.2"
    "@rollup/rollup-linux-loong64-musl" "4.62.2"
    "@rollup/rollup-linux-ppc64-gnu" "4.62.2"
    "@rollup/rollup-linux-ppc64-musl" "4.62.2"
    "@rollup/rollup-linux-riscv64-gnu" "4.62.2"
    "@rollup/rollup-linux-riscv64-musl" "4.62.2"
    "@rollup/rollup-linux-s390x-gnu" "4.62.2"
    "@rollup/rollup-linux-x64-gnu" "4.62.2"
    "@rollup/rollup-linux-x64-musl" "4.62.2"
    "@rollup/rollup-openbsd-x64" "4.62.2"
    "@rollup/rollup-openharmony-arm64" "4.62.2"
    "@rollup/rollup-win32-arm64-msvc" "4.62.2"
    "@rollup/rollup-win32-ia32-msvc" "4.62.2"
    "@rollup/rollup-win32-x64-gnu" "4.62.2"
    "@rollup/rollup-win32-x64-msvc" "4.62.2"
    fsevents "~2.3.2"

rw@^1.3.3:
  version "1.3.3"
  resolved "https://registry.yarnpkg.com/rw/-/rw-1.3.3.tgz#3f862dfa91ab766b14885ef4d01124bfda074fb4"
  integrity sha512-PdhdWy89SiZogBLaw42zdeqtRJ//zFd2PgQavcICDUgJT5oW10QCRKbJ6bg4r0/UY2M6BWd5tkxuGFRvCkgfHQ==

source-map-js@^1.2.1:
  version "1.2.1"
  resolved "https://registry.yarnpkg.com/source-map-js/-/source-map-js-1.2.1.tgz#1ce5650fddd87abc099eda37dcff024c2667ae46"
  integrity sha512-UXWMKhLOwVKb728IUtQPXxfYU+usdybtUrK/8uGE8CQMvrhOpwvzDBwj0QhSL7MQc7vIsISBG8VQ8+IDQxpfQA==

supercluster@^8.0.1:
  version "8.0.1"
  resolved "https://registry.yarnpkg.com/supercluster/-/supercluster-8.0.1.tgz#9946ba123538e9e9ab15de472531f604e7372df5"
  integrity sha512-IiOea5kJ9iqzD2t7QJq/cREyLHTtSmUT6gQsweojg9WH2sYJqZK9SswTu6jrscO6D1G5v5vYZ9ru/eq85lXeZQ==
  dependencies:
    kdbush "^4.0.2"

three@^0.168.0:
  version "0.168.0"
  resolved "https://registry.yarnpkg.com/three/-/three-0.168.0.tgz#3e33101d91e3e9716f5c610ea9a7b3b8423c242d"
  integrity sha512-6m6jXtDwMJEK/GGMbAOTSAmxNdzKvvBzgd7q8bE/7Tr6m7PaBh5kKLrN7faWtlglXbzj7sVba48Idwx+NRsZXw==

tinyglobby@^0.2.13:
  version "0.2.17"
  resolved "https://registry.yarnpkg.com/tinyglobby/-/tinyglobby-0.2.17.tgz#562a9a6c9eb2b3b123d39719f9af5bb44fcd7631"
  integrity sha512-wXR/dYpcqKmfWpEdZjiKJOwCNFndD0DMnrW/cYjVGttEkBfVgcLFHoNrlj47mjOVic9yyNu65alsgF4NQyTa2g==
  dependencies:
    fdir "^6.5.0"
    picomatch "^4.0.4"

tinyqueue@^3.0.0:
  version "3.0.0"
  resolved "https://registry.yarnpkg.com/tinyqueue/-/tinyqueue-3.0.0.tgz#101ea761ccc81f979e29200929e78f1556e3661e"
  integrity sha512-gRa9gwYU3ECmQYv3lslts5hxuIa90veaEcxDYuu3QGOIAEM2mOZkVHp48ANJuu1CURtRdHKUBY5Lm1tHV+sD4g==

typescript@^5.5.3:
  version "5.9.3"
  resolved "https://registry.yarnpkg.com/typescript/-/typescript-5.9.3.tgz#5b4f59e15310ab17a216f5d6cf53ee476ede670f"
  integrity sha512-jl1vZzPDinLr9eUt3J/t7V6FgNEw9QjvBPdysz9KfQDD41fQrC2Y4vKQdiaUpFT4bXlb1RHhLpp8wtm6M5TgSw==

vite@^6.4.2:
  version "6.4.3"
  resolved "https://registry.yarnpkg.com/vite/-/vite-6.4.3.tgz#85a164db7ce706f2a776812efa2b340f1721858e"
  integrity sha512-NTKlcQjlAK7MlQoyb6LgaqHc8sso/pVyUJYWMws3jg21uTJw/LddqIFPcPqP6PzpgbIcZyKI85sFE4HBrQDA8A==
  dependencies:
    esbuild "^0.25.0"
    fdir "^6.4.4"
    picomatch "^4.0.2"
    postcss "^8.5.3"
    rollup "^4.34.9"
    tinyglobby "^0.2.13"
  optionalDependencies:
    fsevents "~2.3.3"

vt-pbf@^3.1.3:
  version "3.1.3"
  resolved "https://registry.yarnpkg.com/vt-pbf/-/vt-pbf-3.1.3.tgz#68fd150756465e2edae1cc5c048e063916dcfaac"
  integrity sha512-2LzDFzt0mZKZ9IpVF2r69G9bXaP2Q2sArJCmcCgvfTdCCZzSyz4aCLoQyUilu37Ll56tCblIZrXFIjNUpGIlmA==
  dependencies:
    "@mapbox/point-geometry" "0.1.0"
    "@mapbox/vector-tile" "^1.3.1"
    pbf "^3.2.1"

which@^4.0.0:
  version "4.0.0"
  resolved "https://registry.yarnpkg.com/which/-/which-4.0.0.tgz#cd60b5e74503a3fbcfbf6cd6b4138a8bae644c1a"
  integrity sha512-GlaYyEb07DPxYCKhKzplCWBJtvxZcZMrL+4UkrTSJHHPyZU4mYYTv3qaOe77H7EODLSSopAUFAc6W8U4yqvscg==
  dependencies:
    isexe "^3.1.1"

wkt-parser@^1.5.5:
  version "1.5.5"
  resolved "https://registry.yarnpkg.com/wkt-parser/-/wkt-parser-1.5.5.tgz#251a5b0ba289842a2e8d5b25049c57fb49fb9183"
  integrity sha512-/zMYi94/7D7fxcOSlVmWn6vnOMj3Gq5d1xvVjaYOS9n6h0qOJ4I7YYVxBWYcH1vq9+suhqzXkn05Yx47zQNUIA==
